
Microsoft Visual Studio Solution File, Format Version 12.00
# Visual Studio Version 17
VisualStudioVersion = 17.4.33110.190
MinimumVisualStudioVersion = 10.0.40219.1
Project("{9A19103F-16F7-4668-BE54-9A1E7A4F7556}") = "BlazorStudiesProject.Server", "BlazorStudiesProject\Server\BlazorStudiesProject.Server.csproj", "{9613C600-F7F3-4DE9-92AE-AA85EF88C7D8}"
EndProject
Project("{9A19103F-16F7-4668-BE54-9A1E7A4F7556}") = "BlazorStudiesProject.Client", "BlazorStudiesProject\Client\BlazorStudiesProject.Client.csproj", "{7FE64DEF-6C88-4276-8224-9ABF4B6B4D2B}"
EndProject
Project("{9A19103F-16F7-4668-BE54-9A1E7A4F7556}") = "BlazorStudiesProject.Shared", "BlazorStudiesProject\Shared\BlazorStudiesProject.Shared.csproj", "{98A2CDD9-A8AA-4204-AB15-DAD2151A6B76}"
EndProject
Global
	GlobalSection(SolutionConfigurationPlatforms) = preSolution
		Debug|Any CPU = Debug|Any CPU
		Release|Any CPU = Release|Any CPU
	EndGlobalSection
	GlobalSection(ProjectConfigurationPlatforms) = postSolution
		{9613C600-F7F3-4DE9-92AE-AA85EF88C7D8}.Debug|Any CPU.ActiveCfg = Debug|Any CPU
		{9613C600-F7F3-4DE9-92AE-AA85EF88C7D8}.Debug|Any CPU.Build.0 = Debug|Any CPU
		{9613C600-F7F3-4DE9-92AE-AA85EF88C7D8}.Release|Any CPU.ActiveCfg = Release|Any CPU
		{9613C600-F7F3-4DE9-92AE-AA85EF88C7D8}.Release|Any CPU.Build.0 = Release|Any CPU
		{7FE64DEF-6C88-4276-8224-9ABF4B6B4D2B}.Debug|Any CPU.ActiveCfg = Debug|Any CPU
		{7FE64DEF-6C88-4276-8224-9ABF4B6B4D2B}.Debug|Any CPU.Build.0 = Debug|Any CPU
		{7FE64DEF-6C88-4276-8224-9ABF4B6B4D2B}.Release|Any CPU.ActiveCfg = Release|Any CPU
		{7FE64DEF-6C88-4276-8224-9ABF4B6B4D2B}.Release|Any CPU.Build.0 = Release|Any CPU
		{98A2CDD9-A8AA-4204-AB15-DAD2151A6B76}.Debug|Any CPU.ActiveCfg = Debug|Any CPU
		{98A2CDD9-A8AA-4204-AB15-DAD2151A6B76}.Debug|Any CPU.Build.0 = Debug|Any CPU
		{98A2CDD9-A8AA-4204-AB15-DAD2151A6B76}.Release|Any CPU.ActiveCfg = Release|Any CPU
		{98A2CDD9-A8AA-4204-AB15-DAD2151A6B76}.Release|Any CPU.Build.0 = Release|Any CPU
	EndGlobalSection
	GlobalSection(SolutionProperties) = preSolution
		HideSolutionNode = FALSE
	EndGlobalSection
	GlobalSection(ExtensibilityGlobals) = postSolution
		SolutionGuid = {33F4508A-E506-4E83-B455-EAF20B37236B}
	EndGlobalSection
EndGlobal
